
Microsoft Visual Studio Solution File, Format Version 12.00
Project("{FAE04EC0-301F-11D3-BF4B-00C04F79EFBC}") = "DataGrid", "DataGrid\DataGrid.csproj", "{1952C0EB-6EC2-43C4-BECF-71BD8EF1508D}"
EndProject
Project("{FAE04EC0-301F-11D3-BF4B-00C04F79EFBC}") = "TestApp", "TestApp\TestApp.csproj", "{09B904F0-F2AA-4F7A-ABE5-9EC9EDDFF92F}"
EndProject
Project("{FAE04EC0-301F-11D3-BF4B-00C04F79EFBC}") = "UnitTests", "UnitTests\UnitTests.csproj", "{0DA7A46E-8EEB-4A48-82C6-60DFE744EA0D}"
EndProject
Global
	GlobalSection(SolutionConfigurationPlatforms) = preSolution
		Debug|Any CPU = Debug|Any CPU
		Release|Any CPU = Release|Any CPU
	EndGlobalSection
	GlobalSection(ProjectConfigurationPlatforms) = postSolution
		{1952C0EB-6EC2-43C4-BECF-71BD8EF1508D}.Debug|Any CPU.ActiveCfg = Debug|Any CPU
		{1952C0EB-6EC2-43C4-BECF-71BD8EF1508D}.Debug|Any CPU.Build.0 = Debug|Any CPU
		{1952C0EB-6EC2-43C4-BECF-71BD8EF1508D}.Release|Any CPU.ActiveCfg = Release|Any CPU
		{1952C0EB-6EC2-43C4-BECF-71BD8EF1508D}.Release|Any CPU.Build.0 = Release|Any CPU
		{09B904F0-F2AA-4F7A-ABE5-9EC9EDDFF92F}.Debug|Any CPU.ActiveCfg = Debug|Any CPU
		{09B904F0-F2AA-4F7A-ABE5-9EC9EDDFF92F}.Debug|Any CPU.Build.0 = Debug|Any CPU
		{09B904F0-F2AA-4F7A-ABE5-9EC9EDDFF92F}.Release|Any CPU.ActiveCfg = Release|Any CPU
		{09B904F0-F2AA-4F7A-ABE5-9EC9EDDFF92F}.Release|Any CPU.Build.0 = Release|Any CPU
		{0DA7A46E-8EEB-4A48-82C6-60DFE744EA0D}.Debug|Any CPU.ActiveCfg = Debug|Any CPU
		{0DA7A46E-8EEB-4A48-82C6-60DFE744EA0D}.Debug|Any CPU.Build.0 = Debug|Any CPU
		{0DA7A46E-8EEB-4A48-82C6-60DFE744EA0D}.Release|Any CPU.ActiveCfg = Release|Any CPU
		{0DA7A46E-8EEB-4A48-82C6-60DFE744EA0D}.Release|Any CPU.Build.0 = Release|Any CPU
	EndGlobalSection
EndGlobal
